// !$*UTF8*$!
{
	archiveVersion = 1;
	classes = {
	};
	objectVersion = 50;
	objects = {

/* Begin PBXBuildFile section */
		3033E822253DD00F00BB0EC2 /* AppDelegate.swift in Sources */ = {isa = PBXBuildFile; fileRef = 3033E821253DD00F00BB0EC2 /* AppDelegate.swift */; };
		3033E824253DD00F00BB0EC2 /* SceneDelegate.swift in Sources */ = {isa = PBXBuildFile; fileRef = 3033E823253DD00F00BB0EC2 /* SceneDelegate.swift */; };
		3033E826253DD00F00BB0EC2 /* ViewController.swift in Sources */ = {isa = PBXBuildFile; fileRef = 3033E825253DD00F00BB0EC2 /* ViewController.swift */; };
		3033E829253DD00F00BB0EC2 /* Main.storyboard in Resources */ = {isa = PBXBuildFile; fileRef = 3033E827253DD00F00BB0EC2 /* Main.storyboard */; };
		3033E82B253DD01000BB0EC2 /* Assets.xcassets in Resources */ = {isa = PBXBuildFile; fileRef = 3033E82A253DD01000BB0EC2 /* Assets.xcassets */; };
		3033E82E253DD01000BB0EC2 /* LaunchScreen.storyboard in Resources */ = {isa = PBXBuildFile; fileRef = 3033E82C253DD01000BB0EC2 /* LaunchScreen.storyboard */; };
		3033E837253DD10B00BB0EC2 /* Detail.storyboard in Resources */ = {isa = PBXBuildFile; fileRef = 3033E836253DD10B00BB0EC2 /* Detail.storyboard */; };
		3033E83A253DD12D00BB0EC2 /* DetailViewController.swift in Sources */ = {isa = PBXBuildFile; fileRef = 3033E839253DD12D00BB0EC2 /* DetailViewController.swift */; };
/* End PBXBuildFile section */

/* Begin PBXFileReference section */
		3033E81E253DD00F00BB0EC2 /* 19_10_Exercicio04.app */ = {isa = PBXFileReference; explicitFileType = wrapper.application; includeInIndex = 0; path = 19_10_Exercicio04.app; sourceTree = BUILT_PRODUCTS_DIR; };
		3033E821253DD00F00BB0EC2 /* AppDelegate.swift */ = {isa = PBXFileReference; lastKnownFileType = sourcecode.swift; path = AppDelegate.swift; sourceTree = "<group>"; };
		3033E823253DD00F00BB0EC2 /* SceneDelegate.swift */ = {isa = PBXFileReference; lastKnownFileType = sourcecode.swift; path = SceneDelegate.swift; sourceTree = "<group>"; };
		3033E825253DD00F00BB0EC2 /* ViewController.swift */ = {isa = PBXFileReference; lastKnownFileType = sourcecode.swift; path = ViewController.swift; sourceTree = "<group>"; };
		3033E828253DD00F00BB0EC2 /* Base */ = {isa = PBXFileReference; lastKnownFileType = file.storyboard; name = Base; path = Base.lproj/Main.storyboard; sourceTree = "<group>"; };
		3033E82A253DD01000BB0EC2 /* Assets.xcassets */ = {isa = PBXFileReference; lastKnownFileType = folder.assetcatalog; path = Assets.xcassets; sourceTree = "<group>"; };
		3033E82D253DD01000BB0EC2 /* Base */ = {isa = PBXFileReference; lastKnownFileType = file.storyboard; name = Base; path = Base.lproj/LaunchScreen.storyboard; sourceTree = "<group>"; };
		3033E82F253DD01000BB0EC2 /* Info.plist */ = {isa = PBXFileReference; lastKnownFileType = text.plist.xml; path = Info.plist; sourceTree = "<group>"; };
		3033E836253DD10B00BB0EC2 /* Detail.storyboard */ = {isa = PBXFileReference; lastKnownFileType = file.storyboard; path = Detail.storyboard; sourceTree = "<group>"; };
		3033E839253DD12D00BB0EC2 /* DetailViewController.swift */ = {isa = PBXFileReference; lastKnownFileType = sourcecode.swift; path = DetailViewController.swift; sourceTree = "<group>"; };
/* End PBXFileReference section */

/* Begin PBXFrameworksBuildPhase section */
		3033E81B253DD00F00BB0EC2 /* Frameworks */ = {
			isa = PBXFrameworksBuildPhase;
			buildActionMask = 2147483647;
			files = (
			);
			runOnlyForDeploymentPostprocessing = 0;
		};
/* End PBXFrameworksBuildPhase section */

/* Begin PBXGroup section */
		3033E815253DD00F00BB0EC2 = {
			isa = PBXGroup;
			children = (
				3033E820253DD00F00BB0EC2 /* 19_10_Exercicio04 */,
				3033E81F253DD00F00BB0EC2 /* Products */,
			);
			sourceTree = "<group>";
		};
		3033E81F253DD00F00BB0EC2 /* Products */ = {
			isa = PBXGroup;
			children = (
				3033E81E253DD00F00BB0EC2 /* 19_10_Exercicio04.app */,
			);
			name = Products;
			sourceTree = "<group>";
		};
		3033E820253DD00F00BB0EC2 /* 19_10_Exercicio04 */ = {
			isa = PBXGroup;
			children = (
				3033E821253DD00F00BB0EC2 /* AppDelegate.swift */,
				3033E823253DD00F00BB0EC2 /* SceneDelegate.swift */,
				3033E825253DD00F00BB0EC2 /* ViewController.swift */,
				3033E827253DD00F00BB0EC2 /* Main.storyboard */,
				3033E82A253DD01000BB0EC2 /* Assets.xcassets */,
				3033E82C253DD01000BB0EC2 /* LaunchScreen.storyboard */,
				3033E82F253DD01000BB0EC2 /* Info.plist */,
				3033E836253DD10B00BB0EC2 /* Detail.storyboard */,
				3033E839253DD12D00BB0EC2 /* DetailViewController.swift */,
			);
			path = 19_10_Exercicio04;
			sourceTree = "<group>";
		};
/* End PBXGroup section */

/* Begin PBXNativeTarget section */
		3033E81D253DD00F00BB0EC2 /* 19_10_Exercicio04 */ = {
			isa = PBXNativeTarget;
			buildConfigurationList = 3033E832253DD01000BB0EC2 /* Build configuration list for PBXNativeTarget "19_10_Exercicio04" */;
			buildPhases = (
				3033E81A253DD00F00BB0EC2 /* Sources */,
				3033E81B253DD00F00BB0EC2 /* Frameworks */,
				3033E81C253DD00F00BB0EC2 /* Resources */,
			);
			buildRules = (
			);
			dependencies = (
			);
			name = 19_10_Exercicio04;
			productName = 19_10_Exercicio04;
			productReference = 3033E81E253DD00F00BB0EC2 /* 19_10_Exercicio04.app */;
			productType = "com.apple.product-type.application";
		};
/* End PBXNativeTarget section */

/* Begin PBXProject section */
		3033E816253DD00F00BB0EC2 /* Project object */ = {
			isa = PBXProject;
			attributes = {
				LastSwiftUpdateCheck = 1200;
				LastUpgradeCheck = 1200;
				TargetAttributes = {
					3033E81D253DD00F00BB0EC2 = {
						CreatedOnToolsVersion = 12.0.1;
					};
				};
			};
			buildConfigurationList = 3033E819253DD00F00BB0EC2 /* Build configuration list for PBXProject "19_10_Exercicio04" */;
			compatibilityVersion = "Xcode 9.3";
			developmentRegion = en;
			hasScannedForEncodings = 0;
			knownRegions = (
				en,
				Base,
			);
			mainGroup = 3033E815253DD00F00BB0EC2;
			productRefGroup = 3033E81F253DD00F00BB0EC2 /* Products */;
			projectDirPath = "";
			projectRoot = "";
			targets = (
				3033E81D253DD00F00BB0EC2 /* 19_10_Exercicio04 */,
			);
		};
/* End PBXProject section */

/* Begin PBXResourcesBuildPhase section */
		3033E81C253DD00F00BB0EC2 /* Resources */ = {
			isa = PBXResourcesBuildPhase;
			buildActionMask = 2147483647;
			files = (
				3033E82E253DD01000BB0EC2 /* LaunchScreen.storyboard in Resources */,
				3033E82B253DD01000BB0EC2 /* Assets.xcassets in Resources */,
				3033E829253DD00F00BB0EC2 /* Main.storyboard in Resources */,
				3033E837253DD10B00BB0EC2 /* Detail.storyboard in Resources */,
			);
			runOnlyForDeploymentPostprocessing = 0;
		};
/* End PBXResourcesBuildPhase section */

/* Begin PBXSourcesBuildPhase section */
		3033E81A253DD00F00BB0EC2 /* Sources */ = {
			isa = PBXSourcesBuildPhase;
			buildActionMask = 2147483647;
			files = (
				3033E826253DD00F00BB0EC2 /* ViewController.swift in Sources */,
				3033E822253DD00F00BB0EC2 /* AppDelegate.swift in Sources */,
				3033E824253DD00F00BB0EC2 /* SceneDelegate.swift in Sources */,
				3033E83A253DD12D00BB0EC2 /* DetailViewController.swift in Sources */,
			);
			runOnlyForDeploymentPostprocessing = 0;
		};
/* End PBXSourcesBuildPhase section */

/* Begin PBXVariantGroup section */
		3033E827253DD00F00BB0EC2 /* Main.storyboard */ = {
			isa = PBXVariantGroup;
			children = (
				3033E828253DD00F00BB0EC2 /* Base */,
			);
			name = Main.storyboard;
			sourceTree = "<group>";
		};
		3033E82C253DD01000BB0EC2 /* LaunchScreen.storyboard */ = {
			isa = PBXVariantGroup;
			children = (
				3033E82D253DD01000BB0EC2 /* Base */,
			);
			name = LaunchScreen.storyboard;
			sourceTree = "<group>";
		};
/* End PBXVariantGroup section */

/* Begin XCBuildConfiguration section */
		3033E830253DD01000BB0EC2 /* Debug */ = {
			isa = XCBuildConfiguration;
			buildSettings = {
				ALWAYS_SEARCH_USER_PATHS = NO;
				CLANG_ANALYZER_NONNULL = YES;
				CLANG_ANALYZER_NUMBER_OBJECT_CONVERSION = YES_AGGRESSIVE;
				CLANG_CXX_LANGUAGE_STANDARD = "gnu++14";
				CLANG_CXX_LIBRARY = "libc++";
				CLANG_ENABLE_MODULES = YES;
				CLANG_ENABLE_OBJC_ARC = YES;
				CLANG_ENABLE_OBJC_WEAK = YES;
				CLANG_WARN_BLOCK_CAPTURE_AUTORELEASING = YES;
				CLANG_WARN_BOOL_CONVERSION = YES;
				CLANG_WARN_COMMA = YES;
				CLANG_WARN_CONSTANT_CONVERSION = YES;
				CLANG_WARN_DEPRECATED_OBJC_IMPLEMENTATIONS = YES;
				CLANG_WARN_DIRECT_OBJC_ISA_USAGE = YES_ERROR;
				CLANG_WARN_DOCUMENTATION_COMMENTS = YES;
				CLANG_WARN_EMPTY_BODY = YES;
				CLANG_WARN_ENUM_CONVERSION = YES;
				CLANG_WARN_INFINITE_RECURSION = YES;
				CLANG_WARN_INT_CONVERSION = YES;
				CLANG_WARN_NON_LITERAL_NULL_CONVERSION = YES;
				CLANG_WARN_OBJC_IMPLICIT_RETAIN_SELF = YES;
				CLANG_WARN_OBJC_LITERAL_CONVERSION = YES;
				CLANG_WARN_OBJC_ROOT_CLASS = YES_ERROR;
				CLANG_WARN_QUOTED_INCLUDE_IN_FRAMEWORK_HEADER = YES;
				CLANG_WARN_RANGE_LOOP_ANALYSIS = YES;
				CLANG_WARN_STRICT_PROTOTYPES = YES;
				CLANG_WARN_SUSPICIOUS_MOVE = YES;
				CLANG_WARN_UNGUARDED_AVAILABILITY = YES_AGGRESSIVE;
				CLANG_WARN_UNREACHABLE_CODE = YES;
				CLANG_WARN__DUPLICATE_METHOD_MATCH = YES;
				COPY_PHASE_STRIP = NO;
				DEBUG_INFORMATION_FORMAT = dwarf;
				ENABLE_STRICT_OBJC_MSGSEND = YES;
				ENABLE_TESTABILITY = YES;
				GCC_C_LANGUAGE_STANDARD = gnu11;
				GCC_DYNAMIC_NO_PIC = NO;
				GCC_NO_COMMON_BLOCKS = YES;
				GCC_OPTIMIZATION_LEVEL = 0;
				GCC_PREPROCESSOR_DEFINITIONS = (
					"DEBUG=1",
					"$(inherited)",
				);
				GCC_WARN_64_TO_32_BIT_CONVERSION = YES;
				GCC_WARN_ABOUT_RETURN_TYPE = YES_ERROR;
				GCC_WARN_UNDECLARED_SELECTOR = YES;
				GCC_WARN_UNINITIALIZED_AUTOS = YES_AGGRESSIVE;
				GCC_WARN_UNUSED_FUNCTION = YES;
				GCC_WARN_UNUSED_VARIABLE = YES;
				IPHONEOS_DEPLOYMENT_TARGET = 14.0;
				MTL_ENABLE_DEBUG_INFO = INCLUDE_SOURCE;
				MTL_FAST_MATH = YES;
				ONLY_ACTIVE_ARCH = YES;
				SDKROOT = iphoneos;
				SWIFT_ACTIVE_COMPILATION_CONDITIONS = DEBUG;
				SWIFT_OPTIMIZATION_LEVEL = "-Onone";
			};
			name = Debug;
		};
		3033E831253DD01000BB0EC2 /* Release */ = {
			isa = XCBuildConfiguration;
			buildSettings = {
				ALWAYS_SEARCH_USER_PATHS = NO;
				CLANG_ANALYZER_NONNULL = YES;
				CLANG_ANALYZER_NUMBER_OBJECT_CONVERSION = YES_AGGRESSIVE;
				CLANG_CXX_LANGUAGE_STANDARD = "gnu++14";
				CLANG_CXX_LIBRARY = "libc++";
				CLANG_ENABLE_MODULES = YES;
				CLANG_ENABLE_OBJC_ARC = YES;
				CLANG_ENABLE_OBJC_WEAK = YES;
				CLANG_WARN_BLOCK_CAPTURE_AUTORELEASING = YES;
				CLANG_WARN_BOOL_CONVERSION = YES;
				CLANG_WARN_COMMA = YES;
				CLANG_WARN_CONSTANT_CONVERSION = YES;
				CLANG_WARN_DEPRECATED_OBJC_IMPLEMENTATIONS = YES;
				CLANG_WARN_DIRECT_OBJC_ISA_USAGE = YES_ERROR;
				CLANG_WARN_DOCUMENTATION_COMMENTS = YES;
				CLANG_WARN_EMPTY_BODY = YES;
				CLANG_WARN_ENUM_CONVERSION = YES;
				CLANG_WARN_INFINITE_RECURSION = YES;
				CLANG_WARN_INT_CONVERSION = YES;
				CLANG_WARN_NON_LITERAL_NULL_CONVERSION = YES;
				CLANG_WARN_OBJC_IMPLICIT_RETAIN_SELF = YES;
				CLANG_WARN_OBJC_LITERAL_CONVERSION = YES;
				CLANG_WARN_OBJC_ROOT_CLASS = YES_ERROR;
				CLANG_WARN_QUOTED_INCLUDE_IN_FRAMEWORK_HEADER = YES;
				CLANG_WARN_RANGE_LOOP_ANALYSIS = YES;
				CLANG_WARN_STRICT_PROTOTYPES = YES;
				CLANG_WARN_SUSPICIOUS_MOVE = YES;
				CLANG_WARN_UNGUARDED_AVAILABILITY = YES_AGGRESSIVE;
				CLANG_WARN_UNREACHABLE_CODE = YES;
				CLANG_WARN__DUPLICATE_METHOD_MATCH = YES;
				COPY_PHASE_STRIP = NO;
				DEBUG_INFORMATION_FORMAT = "dwarf-with-dsym";
				ENABLE_NS_ASSERTIONS = NO;
				ENABLE_STRICT_OBJC_MSGSEND = YES;
				GCC_C_LANGUAGE_STANDARD = gnu11;
				GCC_NO_COMMON_BLOCKS = YES;
				GCC_WARN_64_TO_32_BIT_CONVERSION = YES;
				GCC_WARN_ABOUT_RETURN_TYPE = YES_ERROR;
				GCC_WARN_UNDECLARED_SELECTOR = YES;
				GCC_WARN_UNINITIALIZED_AUTOS = YES_AGGRESSIVE;
				GCC_WARN_UNUSED_FUNCTION = YES;
				GCC_WARN_UNUSED_VARIABLE = YES;
				IPHONEOS_DEPLOYMENT_TARGET = 14.0;
				MTL_ENABLE_DEBUG_INFO = NO;
				MTL_FAST_MATH = YES;
				SDKROOT = iphoneos;
				SWIFT_COMPILATION_MODE = wholemodule;
				SWIFT_OPTIMIZATION_LEVEL = "-O";
				VALIDATE_PRODUCT = YES;
			};
			name = Release;
		};
		3033E833253DD01000BB0EC2 /* Debug */ = {
			isa = XCBuildConfiguration;
			buildSettings = {
				ASSETCATALOG_COMPILER_APPICON_NAME = AppIcon;
				ASSETCATALOG_COMPILER_GLOBAL_ACCENT_COLOR_NAME = AccentColor;
				CODE_SIGN_STYLE = Automatic;
				DEVELOPMENT_TEAM = 8Z2LZUC99L;
				INFOPLIST_FILE = 19_10_Exercicio04/Info.plist;
				LD_RUNPATH_SEARCH_PATHS = (
					"$(inherited)",
					"@executable_path/Frameworks",
				);
				PRODUCT_BUNDLE_IDENTIFIER = "br.com.marcela.-9-10-Exercicio04";
				PRODUCT_NAME = "$(TARGET_NAME)";
				SWIFT_VERSION = 5.0;
				TARGETED_DEVICE_FAMILY = "1,2";
			};
			name = Debug;
		};
		3033E834253DD01000BB0EC2 /* Release */ = {
			isa = XCBuildConfiguration;
			buildSettings = {
				ASSETCATALOG_COMPILER_APPICON_NAME = AppIcon;
				ASSETCATALOG_COMPILER_GLOBAL_ACCENT_COLOR_NAME = AccentColor;
				CODE_SIGN_STYLE = Automatic;
				DEVELOPMENT_TEAM = 8Z2LZUC99L;
				INFOPLIST_FILE = 19_10_Exercicio04/Info.plist;
				LD_RUNPATH_SEARCH_PATHS = (
					"$(inherited)",
					"@executable_path/Frameworks",
				);
				PRODUCT_BUNDLE_IDENTIFIER = "br.com.marcela.-9-10-Exercicio04";
				PRODUCT_NAME = "$(TARGET_NAME)";
				SWIFT_VERSION = 5.0;
				TARGETED_DEVICE_FAMILY = "1,2";
			};
			name = Release;
		};
/* End XCBuildConfiguration section */

/* Begin XCConfigurationList section */
		3033E819253DD00F00BB0EC2 /* Build configuration list for PBXProject "19_10_Exercicio04" */ = {
			isa = XCConfigurationList;
			buildConfigurations = (
				3033E830253DD01000BB0EC2 /* Debug */,
				3033E831253DD01000BB0EC2 /* Release */,
			);
			defaultConfigurationIsVisible = 0;
			defaultConfigurationName = Release;
		};
		3033E832253DD01000BB0EC2 /* Build configuration list for PBXNativeTarget "19_10_Exercicio04" */ = {
			isa = XCConfigurationList;
			buildConfigurations = (
				3033E833253DD01000BB0EC2 /* Debug */,
				3033E834253DD01000BB0EC2 /* Release */,
			);
			defaultConfigurationIsVisible = 0;
			defaultConfigurationName = Release;
		};
/* End XCConfigurationList section */
	};
	rootObject = 3033E816253DD00F00BB0EC2 /* Project object */;
}
